github.com/gorilla/mux v1.8.0 h1:i40aqfkR1h2SlN9hojwV5ZA91wcXFOvkdNIeFDP5koI=
github.com/gorilla/mux v1.8.0/go.mod h1:DVbg23sWSpFRCP0SfiEN6jmj59UnW/n46BH5rLB71So=
github.com/phanikumarps/umc v0.0.0-20221118075629-2bd9497d07c9 h1:hCVnnQiUp6i6Ud9F8Q4leV1HVRTBjekyiyIQ3t/DDWU=
github.com/phanikumarps/umc v0.0.0-20221118075629-2bd9497d07c9/go.mod h1:TRV3pDHIN4VpvKbTGY2017cB9s2bp77DsOZyAWvncos=
